{
  "projects": [
    {
      "projectId": "ukrWx5Mw3z6DC37mxx9Wtf",
      "version": "latest",
      "dependencies": {},
      "lang": "ts",
      "fileLocks": [
        {
          "type": "globalVariant",
          "assetId": "GVtWYW5-GMua",
          "checksum": "c06fa5b8bb2286cf1fc422703bf05eb3"
        },
        {
          "type": "renderModule",
          "assetId": "OlKEDNx78Y8b",
          "checksum": "6bc0cc7d0763171f6015f3008857f0cf"
        },
        {
          "type": "cssRules",
          "assetId": "OlKEDNx78Y8b",
          "checksum": "6bc0cc7d0763171f6015f3008857f0cf"
        },
        {
          "assetId": "ukrWx5Mw3z6DC37mxx9Wtf",
          "type": "projectCss",
          "checksum": "446ceb0618efb3a4cb16b34110372ca4"
        }
      ],
      "codegenVersion": "0.0.1"
    }
  ],
  "cliVersion": "0.1.334"
}
